
Microsoft Visual Studio Solution File, Format Version 12.00
# Visual Studio Version 16
VisualStudioVersion = 16.0.30804.86
MinimumVisualStudioVersion = 10.0.40219.1
Project("{FAE04EC0-301F-11D3-BF4B-00C04F79EFBC}") = "AverageUnitsShippedByEmployee", "AverageUnitsShippedByEmployee\AverageUnitsShippedByEmployee.csproj", "{B3E4698A-9E05-4972-AF5E-25F19FD710E7}"
EndProject
Global
	GlobalSection(SolutionConfigurationPlatforms) = preSolution
		Debug|Any CPU = Debug|Any CPU
		Release|Any CPU = Release|Any CPU
	EndGlobalSection
	GlobalSection(ProjectConfigurationPlatforms) = postSolution
		{B3E4698A-9E05-4972-AF5E-25F19FD710E7}.Debug|Any CPU.ActiveCfg = Debug|Any CPU
		{B3E4698A-9E05-4972-AF5E-25F19FD710E7}.Debug|Any CPU.Build.0 = Debug|Any CPU
		{B3E4698A-9E05-4972-AF5E-25F19FD710E7}.Release|Any CPU.ActiveCfg = Release|Any CPU
		{B3E4698A-9E05-4972-AF5E-25F19FD710E7}.Release|Any CPU.Build.0 = Release|Any CPU
	EndGlobalSection
	GlobalSection(SolutionProperties) = preSolution
		HideSolutionNode = FALSE
	EndGlobalSection
	GlobalSection(ExtensibilityGlobals) = postSolution
		SolutionGuid = {C4B92CDA-8AA8-4618-9601-370A4B7E0698}
	EndGlobalSection
EndGlobal
